
Microsoft Visual Studio Solution File, Format Version 12.00
# Visual Studio Version 17
VisualStudioVersion = 17.1.32228.430
MinimumVisualStudioVersion = 10.0.40219.1
Project("{9A19103F-16F7-4668-BE54-9A1E7A4F7556}") = "Business", "Business\Business.csproj", "{84CE867F-9CB5-4D86-A403-C44B3A19F9CD}"
EndProject
Project("{9A19103F-16F7-4668-BE54-9A1E7A4F7556}") = "Core", "Core\Core.csproj", "{AAF51384-875F-4617-9894-B414ED788292}"
EndProject
Project("{9A19103F-16F7-4668-BE54-9A1E7A4F7556}") = "Web", "Web\Web.csproj", "{36FF42E5-6FEE-4A57-8189-BE08814331AC}"
EndProject
Project("{2150E333-8FDC-42A3-9474-1A3956D46DE8}") = "DevExtreme NuGet.config", "DevExtreme NuGet.config", "{4B3A9DCD-DD60-46B6-B5DE-8A482B2EBC7D}"
	ProjectSection(SolutionItems) = preProject
		NuGet.config = NuGet.config
	EndProjectSection
EndProject
Global
	GlobalSection(SolutionConfigurationPlatforms) = preSolution
		Debug|Any CPU = Debug|Any CPU
		Release|Any CPU = Release|Any CPU
	EndGlobalSection
	GlobalSection(ProjectConfigurationPlatforms) = postSolution
		{84CE867F-9CB5-4D86-A403-C44B3A19F9CD}.Debug|Any CPU.ActiveCfg = Debug|Any CPU
		{84CE867F-9CB5-4D86-A403-C44B3A19F9CD}.Debug|Any CPU.Build.0 = Debug|Any CPU
		{84CE867F-9CB5-4D86-A403-C44B3A19F9CD}.Release|Any CPU.ActiveCfg = Release|Any CPU
		{84CE867F-9CB5-4D86-A403-C44B3A19F9CD}.Release|Any CPU.Build.0 = Release|Any CPU
		{AAF51384-875F-4617-9894-B414ED788292}.Debug|Any CPU.ActiveCfg = Debug|Any CPU
		{AAF51384-875F-4617-9894-B414ED788292}.Debug|Any CPU.Build.0 = Debug|Any CPU
		{AAF51384-875F-4617-9894-B414ED788292}.Release|Any CPU.ActiveCfg = Release|Any CPU
		{AAF51384-875F-4617-9894-B414ED788292}.Release|Any CPU.Build.0 = Release|Any CPU
		{36FF42E5-6FEE-4A57-8189-BE08814331AC}.Debug|Any CPU.ActiveCfg = Debug|Any CPU
		{36FF42E5-6FEE-4A57-8189-BE08814331AC}.Debug|Any CPU.Build.0 = Debug|Any CPU
		{36FF42E5-6FEE-4A57-8189-BE08814331AC}.Release|Any CPU.ActiveCfg = Release|Any CPU
		{36FF42E5-6FEE-4A57-8189-BE08814331AC}.Release|Any CPU.Build.0 = Release|Any CPU
	EndGlobalSection
	GlobalSection(SolutionProperties) = preSolution
		HideSolutionNode = FALSE
	EndGlobalSection
	GlobalSection(ExtensibilityGlobals) = postSolution
		SolutionGuid = {D129BE15-704D-4CEC-810B-BBBC59C957E7}
	EndGlobalSection
EndGlobal
